Microsoft Visual Studio Solution File, Format Version 12.00
# Visual Studio Version 17
VisualStudioVersion = 17.5.2.0
MinimumVisualStudioVersion = 10.0.40219.1
Project("{FAE04EC0-301F-11D3-BF4B-00C04F79EFBC}") = "PlantCareApp", "PlantCareApp\PlantCareApp.csproj", "{BF705EB6-3C8A-6931-02A5-7463E79BC738}"
EndProject
Global
	GlobalSection(SolutionConfigurationPlatforms) = preSolution
		Debug|Any CPU = Debug|Any CPU
		Release|Any CPU = Release|Any CPU
	EndGlobalSection
	GlobalSection(ProjectConfigurationPlatforms) = postSolution
		{BF705EB6-3C8A-6931-02A5-7463E79BC738}.Debug|Any CPU.ActiveCfg = Debug|Any CPU
		{BF705EB6-3C8A-6931-02A5-7463E79BC738}.Debug|Any CPU.Build.0 = Debug|Any CPU
		{BF705EB6-3C8A-6931-02A5-7463E79BC738}.Release|Any CPU.ActiveCfg = Release|Any CPU
		{BF705EB6-3C8A-6931-02A5-7463E79BC738}.Release|Any CPU.Build.0 = Release|Any CPU
	EndGlobalSection
	GlobalSection(SolutionProperties) = preSolution
		HideSolutionNode = FALSE
	EndGlobalSection
	GlobalSection(ExtensibilityGlobals) = postSolution
		SolutionGuid = {A2F36AA3-9769-4E53-8D7C-02E92F974610}
	EndGlobalSection
EndGlobal
